
Microsoft Visual Studio Solution File, Format Version 12.00
# Visual Studio Version 16
VisualStudioVersion = 16.0.31112.23
MinimumVisualStudioVersion = 10.0.40219.1
Project("{FAE04EC0-301F-11D3-BF4B-00C04F79EFBC}") = "Codenception.FiwareOrionClient", "Codenception.FiwareOrionClient\Codenception.FiwareOrionClient.csproj", "{CA974030-BF7E-4DB3-ADF2-500960A6C13C}"
EndProject
Global
	GlobalSection(SolutionConfigurationPlatforms) = preSolution
		Debug|Any CPU = Debug|Any CPU
		Release|Any CPU = Release|Any CPU
	EndGlobalSection
	GlobalSection(ProjectConfigurationPlatforms) = postSolution
		{CA974030-BF7E-4DB3-ADF2-500960A6C13C}.Debug|Any CPU.ActiveCfg = Debug|Any CPU
		{CA974030-BF7E-4DB3-ADF2-500960A6C13C}.Debug|Any CPU.Build.0 = Debug|Any CPU
		{CA974030-BF7E-4DB3-ADF2-500960A6C13C}.Release|Any CPU.ActiveCfg = Release|Any CPU
		{CA974030-BF7E-4DB3-ADF2-500960A6C13C}.Release|Any CPU.Build.0 = Release|Any CPU
	EndGlobalSection
	GlobalSection(SolutionProperties) = preSolution
		HideSolutionNode = FALSE
	EndGlobalSection
	GlobalSection(ExtensibilityGlobals) = postSolution
		SolutionGuid = {779EB3D7-DB58-4E9F-9715-B89BA796F623}
	EndGlobalSection
EndGlobal
